github.com/drhodes/golorem v0.0.0-20160418191928-ecccc744c2d9 h1:EQOZw/LCQ0SM4sNez3EhUf9gQalQrLrs4mPtmQa+d58=
github.com/drhodes/golorem v0.0.0-20160418191928-ecccc744c2d9/go.mod h1:NsKVpF4h4j13Vm6Cx7Kf0V03aJKjfaStvm5rvK4+FyQ=
github.com/inhies/go-bytesize v0.0.0-20151001220322-5990f52c6ad6 h1:INwOYlnKmWV2bTqTnAKTeC/A+5gCcEHE3ayWOGAYfmA=
github.com/inhies/go-bytesize v0.0.0-20151001220322-5990f52c6ad6/go.mod h1:KrtyD5PFj++GKkFS/7/RRrfnRhAMGQwy75GLCHWrCNs=
